# Generated by pub
# See http://pub.dartlang.org/doc/glossary.html#lockfile
packages:
  hub:
    description:
      path: "D:\\Apps\\codelab\\dart\\hooks\\../hub"
      relative: true
    source: path
    version: "0.1.3"
  invocable:
    description:
      path: "D:\\Apps\\codelab\\dart\\hooks\\../invocable"
      relative: true
    source: path
    version: "0.3.0"
