# Generated by pub
# See http://pub.dartlang.org/doc/glossary.html#lockfile
packages:
  hub:
    description:
      path: "/Users/boxy/Apps/codelab/dart/hooks/../hub"
      relative: true
    source: path
    version: "0.1.0"
  invocable:
    description:
      path: "/Users/boxy/Apps/codelab/dart/hooks/../invocable"
      relative: true
    source: path
    version: "0.1.0"
